
Microsoft Visual Studio Solution File, Format Version 12.00
# Visual Studio Version 16
VisualStudioVersion = 16.0.30907.101
MinimumVisualStudioVersion = 10.0.40219.1
Project("{2150E333-8FDC-42A3-9474-1A3956D46DE8}") = "1. S - SRP", "1. S - SRP", "{2FBF3F59-93CF-4169-8100-1DC3F24EFAF6}"
EndProject
Project("{9A19103F-16F7-4668-BE54-9A1E7A4F7556}") = "1.SRP", "1.SRP\1.SRP.csproj", "{1F55DF00-48FC-4532-B7C8-53D010947B1B}"
EndProject
Global
	GlobalSection(SolutionConfigurationPlatforms) = preSolution
		Debug|Any CPU = Debug|Any CPU
		Release|Any CPU = Release|Any CPU
	EndGlobalSection
	GlobalSection(ProjectConfigurationPlatforms) = postSolution
		{1F55DF00-48FC-4532-B7C8-53D010947B1B}.Debug|Any CPU.ActiveCfg = Debug|Any CPU
		{1F55DF00-48FC-4532-B7C8-53D010947B1B}.Debug|Any CPU.Build.0 = Debug|Any CPU
		{1F55DF00-48FC-4532-B7C8-53D010947B1B}.Release|Any CPU.ActiveCfg = Release|Any CPU
		{1F55DF00-48FC-4532-B7C8-53D010947B1B}.Release|Any CPU.Build.0 = Release|Any CPU
	EndGlobalSection
	GlobalSection(SolutionProperties) = preSolution
		HideSolutionNode = FALSE
	EndGlobalSection
	GlobalSection(NestedProjects) = preSolution
		{1F55DF00-48FC-4532-B7C8-53D010947B1B} = {2FBF3F59-93CF-4169-8100-1DC3F24EFAF6}
	EndGlobalSection
	GlobalSection(ExtensibilityGlobals) = postSolution
		SolutionGuid = {A6AF3A68-F93D-4368-B9BB-7377414E4C31}
	EndGlobalSection
EndGlobal
